// !$*UTF8*$!
{
	archiveVersion = 1;
	classes = {
	};
	objectVersion = 46;
	objects = {

/* Begin PBXBuildFile section */
		6B10989E137F2DE300E44DC5 /* data_importer.cpp in Sources */ = {isa = PBXBuildFile; fileRef = 6B10988F137F2DE300E44DC5 /* data_importer.cpp */; };
		6B10989F137F2DE300E44DC5 /* entity.cpp in Sources */ = {isa = PBXBuildFile; fileRef = 6B109892137F2DE300E44DC5 /* entity.cpp */; };
		6B1098A0137F2DE300E44DC5 /* goal.cpp in Sources */ = {isa = PBXBuildFile; fileRef = 6B109894137F2DE300E44DC5 /* goal.cpp */; };
		6B1098A1137F2DE300E44DC5 /* plank.cpp in Sources */ = {isa = PBXBuildFile; fileRef = 6B109896137F2DE300E44DC5 /* plank.cpp */; };
		6B1098A2137F2DE300E44DC5 /* sphere.cpp in Sources */ = {isa = PBXBuildFile; fileRef = 6B109898137F2DE300E44DC5 /* sphere.cpp */; };
		6B1098A3137F2DE300E44DC5 /* menu.cpp in Sources */ = {isa = PBXBuildFile; fileRef = 6B10989A137F2DE300E44DC5 /* menu.cpp */; };
		6B1098A4137F2DE300E44DC5 /* point.cpp in Sources */ = {isa = PBXBuildFile; fileRef = 6B10989C137F2DE300E44DC5 /* point.cpp */; };
		6B1098A8137F326D00E44DC5 /* main.cpp in Sources */ = {isa = PBXBuildFile; fileRef = 6B1098A6137F326C00E44DC5 /* main.cpp */; };
		6B1098AA137F987700E44DC5 /* wilhelm_scream.wav in Resources */ = {isa = PBXBuildFile; fileRef = 6B1098A9137F987700E44DC5 /* wilhelm_scream.wav */; };
		6B450513137C6228002532BE /* AudioToolbox.framework in Frameworks */ = {isa = PBXBuildFile; fileRef = 6B450512137C6228002532BE /* AudioToolbox.framework */; };
		6B5BEBA8137CEBA100280432 /* os_calls.mm in Sources */ = {isa = PBXBuildFile; fileRef = 6B5BEBA6137CEBA000280432 /* os_calls.mm */; };
		6B7208BA137DE4A500239E3D /* EAGLViewController.mm in Sources */ = {isa = PBXBuildFile; fileRef = 6B7208B9137DE4A500239E3D /* EAGLViewController.mm */; };
		6BAB835713786CB000902E63 /* UIKit.framework in Frameworks */ = {isa = PBXBuildFile; fileRef = 6BAB835613786CB000902E63 /* UIKit.framework */; };
		6BAB835913786CB000902E63 /* Foundation.framework in Frameworks */ = {isa = PBXBuildFile; fileRef = 6BAB835813786CB000902E63 /* Foundation.framework */; };
		6BAB835B13786CB000902E63 /* CoreGraphics.framework in Frameworks */ = {isa = PBXBuildFile; fileRef = 6BAB835A13786CB000902E63 /* CoreGraphics.framework */; };
		6BAB835D13786CB000902E63 /* OpenGLES.framework in Frameworks */ = {isa = PBXBuildFile; fileRef = 6BAB835C13786CB000902E63 /* OpenGLES.framework */; };
		6BAB835F13786CB000902E63 /* QuartzCore.framework in Frameworks */ = {isa = PBXBuildFile; fileRef = 6BAB835E13786CB000902E63 /* QuartzCore.framework */; };
		6BAB836313786CB000902E63 /* MarbleMachineAppDelegate.h in Resources */ = {isa = PBXBuildFile; fileRef = 6BAB836213786CB000902E63 /* MarbleMachineAppDelegate.h */; };
		6BAB836513786CB000902E63 /* MarbleMachineAppDelegate.m in Sources */ = {isa = PBXBuildFile; fileRef = 6BAB836413786CB000902E63 /* MarbleMachineAppDelegate.m */; };
		6BAB836713786CB000902E63 /* EAGLView.h in Resources */ = {isa = PBXBuildFile; fileRef = 6BAB836613786CB000902E63 /* EAGLView.h */; };
		6BAB836913786CB000902E63 /* EAGLView.m in Sources */ = {isa = PBXBuildFile; fileRef = 6BAB836813786CB000902E63 /* EAGLView.m */; };
		6BAB836C13786CB000902E63 /* Shader.vsh in Resources */ = {isa = PBXBuildFile; fileRef = 6BAB836B13786CB000902E63 /* Shader.vsh */; };
		6BAB836E13786CB000902E63 /* Shader.fsh in Resources */ = {isa = PBXBuildFile; fileRef = 6BAB836D13786CB000902E63 /* Shader.fsh */; };
		6BAB837113786CB000902E63 /* main.m in Sources */ = {isa = PBXBuildFile; fileRef = 6BAB837013786CB000902E63 /* main.m */; };
		6BAB837813786CB000902E63 /* InfoPlist.strings in Resources */ = {isa = PBXBuildFile; fileRef = 6BAB837613786CB000902E63 /* InfoPlist.strings */; };
		6BD6D140137AFD3000C996BC /* game_state.cpp in Sources */ = {isa = PBXBuildFile; fileRef = 6BD6D13B137AFD3000C996BC /* game_state.cpp */; };
		6BD6D141137AFD3000C996BC /* glview.cpp in Sources */ = {isa = PBXBuildFile; fileRef = 6BD6D13C137AFD3000C996BC /* glview.cpp */; };
		6BD6D142137AFD3000C996BC /* physics.cpp in Sources */ = {isa = PBXBuildFile; fileRef = 6BD6D13E137AFD3000C996BC /* physics.cpp */; };
/* End PBXBuildFile section */

/* Begin PBXFileReference section */
		6B10988F137F2DE300E44DC5 /* data_importer.cpp */ = {isa = PBXFileReference; fileEncoding = 4; lastKnownFileType = sourcecode.cpp.cpp; name = data_importer.cpp; path = ../../core/data_importer.cpp; sourceTree = "<group>"; };
		6B109890137F2DE300E44DC5 /* data_importer.h */ = {isa = PBXFileReference; fileEncoding = 4; lastKnownFileType = sourcecode.c.h; name = data_importer.h; path = ../../core/data_importer.h; sourceTree = "<group>"; };
		6B109892137F2DE300E44DC5 /* entity.cpp */ = {isa = PBXFileReference; fileEncoding = 4; lastKnownFileType = sourcecode.cpp.cpp; path = entity.cpp; sourceTree = "<group>"; };
		6B109893137F2DE300E44DC5 /* entity.h */ = {isa = PBXFileReference; fileEncoding = 4; lastKnownFileType = sourcecode.c.h; path = entity.h; sourceTree = "<group>"; };
		6B109894137F2DE300E44DC5 /* goal.cpp */ = {isa = PBXFileReference; fileEncoding = 4; lastKnownFileType = sourcecode.cpp.cpp; path = goal.cpp; sourceTree = "<group>"; };
		6B109895137F2DE300E44DC5 /* goal.h */ = {isa = PBXFileReference; fileEncoding = 4; lastKnownFileType = sourcecode.c.h; path = goal.h; sourceTree = "<group>"; };
		6B109896137F2DE300E44DC5 /* plank.cpp */ = {isa = PBXFileReference; fileEncoding = 4; lastKnownFileType = sourcecode.cpp.cpp; path = plank.cpp; sourceTree = "<group>"; };
		6B109897137F2DE300E44DC5 /* plank.h */ = {isa = PBXFileReference; fileEncoding = 4; lastKnownFileType = sourcecode.c.h; path = plank.h; sourceTree = "<group>"; };
		6B109898137F2DE300E44DC5 /* sphere.cpp */ = {isa = PBXFileReference; fileEncoding = 4; lastKnownFileType = sourcecode.cpp.cpp; path = sphere.cpp; sourceTree = "<group>"; };
		6B109899137F2DE300E44DC5 /* sphere.h */ = {isa = PBXFileReference; fileEncoding = 4; lastKnownFileType = sourcecode.c.h; path = sphere.h; sourceTree = "<group>"; };
		6B10989A137F2DE300E44DC5 /* menu.cpp */ = {isa = PBXFileReference; fileEncoding = 4; lastKnownFileType = sourcecode.cpp.cpp; name = menu.cpp; path = ../../core/menu.cpp; sourceTree = "<group>"; };
		6B10989B137F2DE300E44DC5 /* menu.h */ = {isa = PBXFileReference; fileEncoding = 4; lastKnownFileType = sourcecode.c.h; name = menu.h; path = ../../core/menu.h; sourceTree = "<group>"; };
		6B10989C137F2DE300E44DC5 /* point.cpp */ = {isa = PBXFileReference; fileEncoding = 4; lastKnownFileType = sourcecode.cpp.cpp; name = point.cpp; path = ../../core/point.cpp; sourceTree = "<group>"; };
		6B10989D137F2DE300E44DC5 /* point.h */ = {isa = PBXFileReference; fileEncoding = 4; lastKnownFileType = sourcecode.c.h; name = point.h; path = ../../core/point.h; sourceTree = "<group>"; };
		6B1098A6137F326C00E44DC5 /* main.cpp */ = {isa = PBXFileReference; fileEncoding = 4; lastKnownFileType = sourcecode.cpp.cpp; name = main.cpp; path = ../../core/main.cpp; sourceTree = "<group>"; };
		6B1098A7137F326C00E44DC5 /* main.h */ = {isa = PBXFileReference; fileEncoding = 4; lastKnownFileType = sourcecode.c.h; name = main.h; path = ../../core/main.h; sourceTree = "<group>"; };
		6B1098A9137F987700E44DC5 /* wilhelm_scream.wav */ = {isa = PBXFileReference; lastKnownFileType = audio.wav; name = wilhelm_scream.wav; path = ../../resources/wilhelm_scream.wav; sourceTree = "<group>"; };
		6B450512137C6228002532BE /* AudioToolbox.framework */ = {isa = PBXFileReference; lastKnownFileType = wrapper.framework; name = AudioToolbox.framework; path = System/Library/Frameworks/AudioToolbox.framework; sourceTree = SDKROOT; };
		6B4CB495137AEFF500F6DF04 /* include_opengl.h */ = {isa = PBXFileReference; fileEncoding = 4; lastKnownFileType = sourcecode.c.h; name = include_opengl.h; path = ../../core/include_opengl.h; sourceTree = "<group>"; };
		6B5BEBA3137CEB2900280432 /* os_calls.h */ = {isa = PBXFileReference; fileEncoding = 4; lastKnownFileType = sourcecode.c.h; name = os_calls.h; path = ../../core/os_calls.h; sourceTree = "<group>"; };
		6B5BEBA6137CEBA000280432 /* os_calls.mm */ = {isa = PBXFileReference; fileEncoding = 4; lastKnownFileType = sourcecode.cpp.objcpp; path = os_calls.mm; sourceTree = "<group>"; };
		6B7208B8137DE4A500239E3D /* EAGLViewController.h */ = {isa = PBXFileReference; fileEncoding = 4; lastKnownFileType = sourcecode.c.h; path = EAGLViewController.h; sourceTree = "<group>"; };
		6B7208B9137DE4A500239E3D /* EAGLViewController.mm */ = {isa = PBXFileReference; fileEncoding = 4; lastKnownFileType = sourcecode.cpp.objcpp; path = EAGLViewController.mm; sourceTree = "<group>"; };
		6BAB835213786CB000902E63 /* MarbleMachine.app */ = {isa = PBXFileReference; explicitFileType = wrapper.application; includeInIndex = 0; path = MarbleMachine.app; sourceTree = BUILT_PRODUCTS_DIR; };
		6BAB835613786CB000902E63 /* UIKit.framework */ = {isa = PBXFileReference; lastKnownFileType = wrapper.framework; name = UIKit.framework; path = System/Library/Frameworks/UIKit.framework; sourceTree = SDKROOT; };
		6BAB835813786CB000902E63 /* Foundation.framework */ = {isa = PBXFileReference; lastKnownFileType = wrapper.framework; name = Foundation.framework; path = System/Library/Frameworks/Foundation.framework; sourceTree = SDKROOT; };
		6BAB835A13786CB000902E63 /* CoreGraphics.framework */ = {isa = PBXFileReference; lastKnownFileType = wrapper.framework; name = CoreGraphics.framework; path = System/Library/Frameworks/CoreGraphics.framework; sourceTree = SDKROOT; };
		6BAB835C13786CB000902E63 /* OpenGLES.framework */ = {isa = PBXFileReference; lastKnownFileType = wrapper.framework; name = OpenGLES.framework; path = System/Library/Frameworks/OpenGLES.framework; sourceTree = SDKROOT; };
		6BAB835E13786CB000902E63 /* QuartzCore.framework */ = {isa = PBXFileReference; lastKnownFileType = wrapper.framework; name = QuartzCore.framework; path = System/Library/Frameworks/QuartzCore.framework; sourceTree = SDKROOT; };
		6BAB836213786CB000902E63 /* MarbleMachineAppDelegate.h */ = {isa = PBXFileReference; lastKnownFileType = sourcecode.c.h; name = MarbleMachineAppDelegate.h; path = Classes/MarbleMachineAppDelegate.h; sourceTree = "<group>"; };
		6BAB836413786CB000902E63 /* MarbleMachineAppDelegate.m */ = {isa = PBXFileReference; lastKnownFileType = sourcecode.c.objc; name = MarbleMachineAppDelegate.m; path = Classes/MarbleMachineAppDelegate.m; sourceTree = "<group>"; };
		6BAB836613786CB000902E63 /* EAGLView.h */ = {isa = PBXFileReference; lastKnownFileType = sourcecode.c.h; name = EAGLView.h; path = Classes/EAGLView.h; sourceTree = "<group>"; };
		6BAB836813786CB000902E63 /* EAGLView.m */ = {isa = PBXFileReference; lastKnownFileType = sourcecode.c.objc; name = EAGLView.m; path = Classes/EAGLView.m; sourceTree = "<group>"; };
		6BAB836B13786CB000902E63 /* Shader.vsh */ = {isa = PBXFileReference; lastKnownFileType = sourcecode.glsl; name = Shader.vsh; path = Shaders/Shader.vsh; sourceTree = "<group>"; };
		6BAB836D13786CB000902E63 /* Shader.fsh */ = {isa = PBXFileReference; lastKnownFileType = sourcecode.glsl; name = Shader.fsh; path = Shaders/Shader.fsh; sourceTree = "<group>"; };
		6BAB837013786CB000902E63 /* main.m */ = {isa = PBXFileReference; lastKnownFileType = sourcecode.c.objc; path = main.m; sourceTree = "<group>"; };
		6BAB837213786CB000902E63 /* MarbleMachine-Prefix.pch */ = {isa = PBXFileReference; lastKnownFileType = sourcecode.c.h; path = "MarbleMachine-Prefix.pch"; sourceTree = "<group>"; };
		6BAB837413786CB000902E63 /* MarbleMachine-Info.plist */ = {isa = PBXFileReference; lastKnownFileType = text.plist.xml; path = "MarbleMachine-Info.plist"; sourceTree = "<group>"; };
		6BAB837713786CB000902E63 /* en */ = {isa = PBXFileReference; lastKnownFileType = text.plist.strings; name = en; path = Languages/en.lproj/InfoPlist.strings; sourceTree = "<group>"; };
		6BD6D13B137AFD3000C996BC /* game_state.cpp */ = {isa = PBXFileReference; fileEncoding = 4; lastKnownFileType = sourcecode.cpp.cpp; name = game_state.cpp; path = ../../core/game_state.cpp; sourceTree = "<group>"; };
		6BD6D13C137AFD3000C996BC /* glview.cpp */ = {isa = PBXFileReference; fileEncoding = 4; lastKnownFileType = sourcecode.cpp.cpp; name = glview.cpp; path = ../../core/glview.cpp; sourceTree = "<group>"; };
		6BD6D13D137AFD3000C996BC /* glview.h */ = {isa = PBXFileReference; fileEncoding = 4; lastKnownFileType = sourcecode.c.h; name = glview.h; path = ../../core/glview.h; sourceTree = "<group>"; };
		6BD6D13E137AFD3000C996BC /* physics.cpp */ = {isa = PBXFileReference; fileEncoding = 4; lastKnownFileType = sourcecode.cpp.cpp; name = physics.cpp; path = ../../core/physics.cpp; sourceTree = "<group>"; };
		6BD6D13F137AFD3000C996BC /* physics.h */ = {isa = PBXFileReference; fileEncoding = 4; lastKnownFileType = sourcecode.c.h; name = physics.h; path = ../../core/physics.h; sourceTree = "<group>"; };
		6BD6D143137AFD3A00C996BC /* game_state.h */ = {isa = PBXFileReference; fileEncoding = 4; lastKnownFileType = sourcecode.c.h; name = game_state.h; path = ../../core/game_state.h; sourceTree = "<group>"; };
/* End PBXFileReference section */

/* Begin PBXFrameworksBuildPhase section */
		6BAB834F13786CB000902E63 /* Frameworks */ = {
			isa = PBXFrameworksBuildPhase;
			buildActionMask = 2147483647;
			files = (
				6B450513137C6228002532BE /* AudioToolbox.framework in Frameworks */,
				6BAB835713786CB000902E63 /* UIKit.framework in Frameworks */,
				6BAB835913786CB000902E63 /* Foundation.framework in Frameworks */,
				6BAB835B13786CB000902E63 /* CoreGraphics.framework in Frameworks */,
				6BAB835D13786CB000902E63 /* OpenGLES.framework in Frameworks */,
				6BAB835F13786CB000902E63 /* QuartzCore.framework in Frameworks */,
			);
			runOnlyForDeploymentPostprocessing = 0;
		};
/* End PBXFrameworksBuildPhase section */

/* Begin PBXGroup section */
		6B109891137F2DE300E44DC5 /* entities */ = {
			isa = PBXGroup;
			children = (
				6B109892137F2DE300E44DC5 /* entity.cpp */,
				6B109893137F2DE300E44DC5 /* entity.h */,
				6B109894137F2DE300E44DC5 /* goal.cpp */,
				6B109895137F2DE300E44DC5 /* goal.h */,
				6B109896137F2DE300E44DC5 /* plank.cpp */,
				6B109897137F2DE300E44DC5 /* plank.h */,
				6B109898137F2DE300E44DC5 /* sphere.cpp */,
				6B109899137F2DE300E44DC5 /* sphere.h */,
			);
			name = entities;
			path = ../../core/entities;
			sourceTree = "<group>";
		};
		6B1098A5137F2DEC00E44DC5 /* core */ = {
			isa = PBXGroup;
			children = (
				6B1098A6137F326C00E44DC5 /* main.cpp */,
				6B1098A7137F326C00E44DC5 /* main.h */,
				6BD6D13C137AFD3000C996BC /* glview.cpp */,
				6BD6D13D137AFD3000C996BC /* glview.h */,
				6BD6D13E137AFD3000C996BC /* physics.cpp */,
				6BD6D13F137AFD3000C996BC /* physics.h */,
				6B4CB495137AEFF500F6DF04 /* include_opengl.h */,
				6BD6D143137AFD3A00C996BC /* game_state.h */,
				6BD6D13B137AFD3000C996BC /* game_state.cpp */,
				6B5BEBA3137CEB2900280432 /* os_calls.h */,
				6B10989A137F2DE300E44DC5 /* menu.cpp */,
				6B10989B137F2DE300E44DC5 /* menu.h */,
				6B10989C137F2DE300E44DC5 /* point.cpp */,
				6B10989D137F2DE300E44DC5 /* point.h */,
				6B10988F137F2DE300E44DC5 /* data_importer.cpp */,
				6B109890137F2DE300E44DC5 /* data_importer.h */,
			);
			name = core;
			sourceTree = "<group>";
		};
		6BAB834713786CB000902E63 = {
			isa = PBXGroup;
			children = (
				6BAB836013786CB000902E63 /* MarbleMachine */,
				6BAB835513786CB000902E63 /* Frameworks */,
				6BAB835313786CB000902E63 /* Products */,
			);
			sourceTree = "<group>";
		};
		6BAB835313786CB000902E63 /* Products */ = {
			isa = PBXGroup;
			children = (
				6BAB835213786CB000902E63 /* MarbleMachine.app */,
			);
			name = Products;
			sourceTree = "<group>";
		};
		6BAB835513786CB000902E63 /* Frameworks */ = {
			isa = PBXGroup;
			children = (
				6B450512137C6228002532BE /* AudioToolbox.framework */,
				6BAB835613786CB000902E63 /* UIKit.framework */,
				6BAB835813786CB000902E63 /* Foundation.framework */,
				6BAB835A13786CB000902E63 /* CoreGraphics.framework */,
				6BAB835C13786CB000902E63 /* OpenGLES.framework */,
				6BAB835E13786CB000902E63 /* QuartzCore.framework */,
			);
			name = Frameworks;
			sourceTree = "<group>";
		};
		6BAB836013786CB000902E63 /* MarbleMachine */ = {
			isa = PBXGroup;
			children = (
				6BAB836113786CB000902E63 /* Classes */,
				6BAB836A13786CB000902E63 /* Shaders */,
				6BAB836F13786CB000902E63 /* Other Sources */,
				6BAB837313786CB000902E63 /* Resources */,
				6BAB837513786CB000902E63 /* Supporting Files */,
			);
			path = MarbleMachine;
			sourceTree = "<group>";
		};
		6BAB836113786CB000902E63 /* Classes */ = {
			isa = PBXGroup;
			children = (
				6B1098A5137F2DEC00E44DC5 /* core */,
				6B109891137F2DE300E44DC5 /* entities */,
				6B5BEBA6137CEBA000280432 /* os_calls.mm */,
				6BAB836213786CB000902E63 /* MarbleMachineAppDelegate.h */,
				6BAB836413786CB000902E63 /* MarbleMachineAppDelegate.m */,
				6BAB836613786CB000902E63 /* EAGLView.h */,
				6BAB836813786CB000902E63 /* EAGLView.m */,
				6B7208B8137DE4A500239E3D /* EAGLViewController.h */,
				6B7208B9137DE4A500239E3D /* EAGLViewController.mm */,
			);
			name = Classes;
			sourceTree = "<group>";
		};
		6BAB836A13786CB000902E63 /* Shaders */ = {
			isa = PBXGroup;
			children = (
				6BAB836B13786CB000902E63 /* Shader.vsh */,
				6BAB836D13786CB000902E63 /* Shader.fsh */,
			);
			name = Shaders;
			sourceTree = "<group>";
		};
		6BAB836F13786CB000902E63 /* Other Sources */ = {
			isa = PBXGroup;
			children = (
				6BAB837013786CB000902E63 /* main.m */,
				6BAB837213786CB000902E63 /* MarbleMachine-Prefix.pch */,
			);
			name = "Other Sources";
			sourceTree = "<group>";
		};
		6BAB837313786CB000902E63 /* Resources */ = {
			isa = PBXGroup;
			children = (
				6B1098A9137F987700E44DC5 /* wilhelm_scream.wav */,
				6BAB837413786CB000902E63 /* MarbleMachine-Info.plist */,
			);
			name = Resources;
			sourceTree = "<group>";
		};
		6BAB837513786CB000902E63 /* Supporting Files */ = {
			isa = PBXGroup;
			children = (
				6BAB837613786CB000902E63 /* InfoPlist.strings */,
			);
			name = "Supporting Files";
			sourceTree = "<group>";
		};
/* End PBXGroup section */

/* Begin PBXNativeTarget section */
		6BAB835113786CB000902E63 /* MarbleMachine */ = {
			isa = PBXNativeTarget;
			buildConfigurationList = 6BAB837B13786CB000902E63 /* Build configuration list for PBXNativeTarget "MarbleMachine" */;
			buildPhases = (
				6BAB834E13786CB000902E63 /* Sources */,
				6BAB834F13786CB000902E63 /* Frameworks */,
				6BAB835013786CB000902E63 /* Resources */,
			);
			buildRules = (
			);
			dependencies = (
			);
			name = MarbleMachine;
			productName = MarbleMachine;
			productReference = 6BAB835213786CB000902E63 /* MarbleMachine.app */;
			productType = "com.apple.product-type.application";
		};
/* End PBXNativeTarget section */

/* Begin PBXProject section */
		6BAB834913786CB000902E63 /* Project object */ = {
			isa = PBXProject;
			attributes = {
				ORGANIZATIONNAME = "Nathan Swenson";
			};
			buildConfigurationList = 6BAB834C13786CB000902E63 /* Build configuration list for PBXProject "MarbleMachine" */;
			compatibilityVersion = "Xcode 3.2";
			developmentRegion = English;
			hasScannedForEncodings = 0;
			knownRegions = (
				en,
			);
			mainGroup = 6BAB834713786CB000902E63;
			productRefGroup = 6BAB835313786CB000902E63 /* Products */;
			projectDirPath = "";
			projectRoot = "";
			targets = (
				6BAB835113786CB000902E63 /* MarbleMachine */,
			);
		};
/* End PBXProject section */

/* Begin PBXResourcesBuildPhase section */
		6BAB835013786CB000902E63 /* Resources */ = {
			isa = PBXResourcesBuildPhase;
			buildActionMask = 2147483647;
			files = (
				6BAB836313786CB000902E63 /* MarbleMachineAppDelegate.h in Resources */,
				6BAB836713786CB000902E63 /* EAGLView.h in Resources */,
				6BAB836C13786CB000902E63 /* Shader.vsh in Resources */,
				6BAB836E13786CB000902E63 /* Shader.fsh in Resources */,
				6BAB837813786CB000902E63 /* InfoPlist.strings in Resources */,
				6B1098AA137F987700E44DC5 /* wilhelm_scream.wav in Resources */,
			);
			runOnlyForDeploymentPostprocessing = 0;
		};
/* End PBXResourcesBuildPhase section */

/* Begin PBXSourcesBuildPhase section */
		6BAB834E13786CB000902E63 /* Sources */ = {
			isa = PBXSourcesBuildPhase;
			buildActionMask = 2147483647;
			files = (
				6BAB836513786CB000902E63 /* MarbleMachineAppDelegate.m in Sources */,
				6BAB836913786CB000902E63 /* EAGLView.m in Sources */,
				6BAB837113786CB000902E63 /* main.m in Sources */,
				6BD6D140137AFD3000C996BC /* game_state.cpp in Sources */,
				6BD6D141137AFD3000C996BC /* glview.cpp in Sources */,
				6BD6D142137AFD3000C996BC /* physics.cpp in Sources */,
				6B5BEBA8137CEBA100280432 /* os_calls.mm in Sources */,
				6B7208BA137DE4A500239E3D /* EAGLViewController.mm in Sources */,
				6B10989E137F2DE300E44DC5 /* data_importer.cpp in Sources */,
				6B10989F137F2DE300E44DC5 /* entity.cpp in Sources */,
				6B1098A0137F2DE300E44DC5 /* goal.cpp in Sources */,
				6B1098A1137F2DE300E44DC5 /* plank.cpp in Sources */,
				6B1098A2137F2DE300E44DC5 /* sphere.cpp in Sources */,
				6B1098A3137F2DE300E44DC5 /* menu.cpp in Sources */,
				6B1098A4137F2DE300E44DC5 /* point.cpp in Sources */,
				6B1098A8137F326D00E44DC5 /* main.cpp in Sources */,
			);
			runOnlyForDeploymentPostprocessing = 0;
		};
/* End PBXSourcesBuildPhase section */

/* Begin PBXVariantGroup section */
		6BAB837613786CB000902E63 /* InfoPlist.strings */ = {
			isa = PBXVariantGroup;
			children = (
				6BAB837713786CB000902E63 /* en */,
			);
			name = InfoPlist.strings;
			sourceTree = "<group>";
		};
/* End PBXVariantGroup section */

/* Begin XCBuildConfiguration section */
		6BAB837913786CB000902E63 /* Debug */ = {
			isa = XCBuildConfiguration;
			buildSettings = {
				"CODE_SIGN_IDENTITY[sdk=iphoneos*]" = "iPhone Developer";
				GCC_C_LANGUAGE_STANDARD = gnu99;
				GCC_OPTIMIZATION_LEVEL = 0;
				GCC_PREPROCESSOR_DEFINITIONS = DEBUG;
				GCC_VERSION = com.apple.compilers.llvmgcc42;
				GCC_WARN_ABOUT_RETURN_TYPE = YES;
				GCC_WARN_UNUSED_VARIABLE = YES;
				IPHONEOS_DEPLOYMENT_TARGET = 4.3;
				SDKROOT = iphoneos;
				TARGETED_DEVICE_FAMILY = "1,2";
			};
			name = Debug;
		};
		6BAB837A13786CB000902E63 /* Release */ = {
			isa = XCBuildConfiguration;
			buildSettings = {
				"CODE_SIGN_IDENTITY[sdk=iphoneos*]" = "iPhone Developer";
				GCC_C_LANGUAGE_STANDARD = gnu99;
				GCC_VERSION = com.apple.compilers.llvmgcc42;
				GCC_WARN_ABOUT_RETURN_TYPE = YES;
				GCC_WARN_UNUSED_VARIABLE = YES;
				IPHONEOS_DEPLOYMENT_TARGET = 4.3;
				OTHER_CFLAGS = "-DNS_BLOCK_ASSERTIONS=1";
				SDKROOT = iphoneos;
				TARGETED_DEVICE_FAMILY = "1,2";
			};
			name = Release;
		};
		6BAB837C13786CB000902E63 /* Debug */ = {
			isa = XCBuildConfiguration;
			buildSettings = {
				ALWAYS_SEARCH_USER_PATHS = NO;
				COPY_PHASE_STRIP = NO;
				GCC_DYNAMIC_NO_PIC = NO;
				GCC_PRECOMPILE_PREFIX_HEADER = YES;
				GCC_PREFIX_HEADER = "MarbleMachine/MarbleMachine-Prefix.pch";
				INFOPLIST_FILE = "MarbleMachine/MarbleMachine-Info.plist";
				INSTALL_PATH = "$(LOCAL_APPS_DIR)";
				PRODUCT_NAME = "$(TARGET_NAME)";
				WRAPPER_EXTENSION = app;
			};
			name = Debug;
		};
		6BAB837D13786CB000902E63 /* Release */ = {
			isa = XCBuildConfiguration;
			buildSettings = {
				ALWAYS_SEARCH_USER_PATHS = NO;
				COPY_PHASE_STRIP = YES;
				GCC_PRECOMPILE_PREFIX_HEADER = YES;
				GCC_PREFIX_HEADER = "MarbleMachine/MarbleMachine-Prefix.pch";
				INFOPLIST_FILE = "MarbleMachine/MarbleMachine-Info.plist";
				INSTALL_PATH = "$(LOCAL_APPS_DIR)";
				PRODUCT_NAME = "$(TARGET_NAME)";
				WRAPPER_EXTENSION = app;
			};
			name = Release;
		};
/* End XCBuildConfiguration section */

/* Begin XCConfigurationList section */
		6BAB834C13786CB000902E63 /* Build configuration list for PBXProject "MarbleMachine" */ = {
			isa = XCConfigurationList;
			buildConfigurations = (
				6BAB837913786CB000902E63 /* Debug */,
				6BAB837A13786CB000902E63 /* Release */,
			);
			defaultConfigurationIsVisible = 0;
			defaultConfigurationName = Release;
		};
		6BAB837B13786CB000902E63 /* Build configuration list for PBXNativeTarget "MarbleMachine" */ = {
			isa = XCConfigurationList;
			buildConfigurations = (
				6BAB837C13786CB000902E63 /* Debug */,
				6BAB837D13786CB000902E63 /* Release */,
			);
			defaultConfigurationIsVisible = 0;
			defaultConfigurationName = Release;
		};
/* End XCConfigurationList section */
	};
	rootObject = 6BAB834913786CB000902E63 /* Project object */;
}
